// !$*UTF8*$!
{
	archiveVersion = 1;
	classes = {
	};
	objectVersion = 50;
	objects = {

/* Begin PBXBuildFile section */
		258FC3DC253205CB00CDD700 /* AppDelegate.swift in Sources */ = {isa = PBXBuildFile; fileRef = 258FC3DB253205CB00CDD700 /* AppDelegate.swift */; };
		258FC3DE253205CB00CDD700 /* SceneDelegate.swift in Sources */ = {isa = PBXBuildFile; fileRef = 258FC3DD253205CB00CDD700 /* SceneDelegate.swift */; };
		258FC3E3253205CB00CDD700 /* Main.storyboard in Resources */ = {isa = PBXBuildFile; fileRef = 258FC3E1253205CB00CDD700 /* Main.storyboard */; };
		258FC3E5253205CD00CDD700 /* Assets.xcassets in Resources */ = {isa = PBXBuildFile; fileRef = 258FC3E4253205CD00CDD700 /* Assets.xcassets */; };
		258FC3E8253205CD00CDD700 /* LaunchScreen.storyboard in Resources */ = {isa = PBXBuildFile; fileRef = 258FC3E6253205CD00CDD700 /* LaunchScreen.storyboard */; };
		258FC3F2253207AE00CDD700 /* MyCellTableViewCell.swift in Sources */ = {isa = PBXBuildFile; fileRef = 258FC3F1253207AE00CDD700 /* MyCellTableViewCell.swift */; };
		258FC3FA25320A3B00CDD700 /* TableViewController.swift in Sources */ = {isa = PBXBuildFile; fileRef = 258FC3F925320A3B00CDD700 /* TableViewController.swift */; };
		258FC40525349EC300CDD700 /* File.swift in Sources */ = {isa = PBXBuildFile; fileRef = 258FC40425349EC300CDD700 /* File.swift */; };
/* End PBXBuildFile section */

/* Begin PBXFileReference section */
		258FC3D8253205CB00CDD700 /* cw9.app */ = {isa = PBXFileReference; explicitFileType = wrapper.application; includeInIndex = 0; path = cw9.app; sourceTree = BUILT_PRODUCTS_DIR; };
		258FC3DB253205CB00CDD700 /* AppDelegate.swift */ = {isa = PBXFileReference; lastKnownFileType = sourcecode.swift; path = AppDelegate.swift; sourceTree = "<group>"; };
		258FC3DD253205CB00CDD700 /* SceneDelegate.swift */ = {isa = PBXFileReference; lastKnownFileType = sourcecode.swift; path = SceneDelegate.swift; sourceTree = "<group>"; };
		258FC3E2253205CB00CDD700 /* Base */ = {isa = PBXFileReference; lastKnownFileType = file.storyboard; name = Base; path = Base.lproj/Main.storyboard; sourceTree = "<group>"; };
		258FC3E4253205CD00CDD700 /* Assets.xcassets */ = {isa = PBXFileReference; lastKnownFileType = folder.assetcatalog; path = Assets.xcassets; sourceTree = "<group>"; };
		258FC3E7253205CD00CDD700 /* Base */ = {isa = PBXFileReference; lastKnownFileType = file.storyboard; name = Base; path = Base.lproj/LaunchScreen.storyboard; sourceTree = "<group>"; };
		258FC3E9253205CD00CDD700 /* Info.plist */ = {isa = PBXFileReference; lastKnownFileType = text.plist.xml; path = Info.plist; sourceTree = "<group>"; };
		258FC3F1253207AE00CDD700 /* MyCellTableViewCell.swift */ = {isa = PBXFileReference; lastKnownFileType = sourcecode.swift; path = MyCellTableViewCell.swift; sourceTree = "<group>"; };
		258FC3F925320A3B00CDD700 /* TableViewController.swift */ = {isa = PBXFileReference; lastKnownFileType = sourcecode.swift; path = TableViewController.swift; sourceTree = "<group>"; };
		258FC40425349EC300CDD700 /* File.swift */ = {isa = PBXFileReference; lastKnownFileType = sourcecode.swift; path = File.swift; sourceTree = "<group>"; };
/* End PBXFileReference section */

/* Begin PBXFrameworksBuildPhase section */
		258FC3D5253205CB00CDD700 /* Frameworks */ = {
			isa = PBXFrameworksBuildPhase;
			buildActionMask = 2147483647;
			files = (
			);
			runOnlyForDeploymentPostprocessing = 0;
		};
/* End PBXFrameworksBuildPhase section */

/* Begin PBXGroup section */
		258FC3CF253205CB00CDD700 = {
			isa = PBXGroup;
			children = (
				258FC3DA253205CB00CDD700 /* cw9 */,
				258FC3D9253205CB00CDD700 /* Products */,
			);
			sourceTree = "<group>";
		};
		258FC3D9253205CB00CDD700 /* Products */ = {
			isa = PBXGroup;
			children = (
				258FC3D8253205CB00CDD700 /* cw9.app */,
			);
			name = Products;
			sourceTree = "<group>";
		};
		258FC3DA253205CB00CDD700 /* cw9 */ = {
			isa = PBXGroup;
			children = (
				258FC3DB253205CB00CDD700 /* AppDelegate.swift */,
				258FC3DD253205CB00CDD700 /* SceneDelegate.swift */,
				258FC3E1253205CB00CDD700 /* Main.storyboard */,
				258FC3E4253205CD00CDD700 /* Assets.xcassets */,
				258FC3E6253205CD00CDD700 /* LaunchScreen.storyboard */,
				258FC3E9253205CD00CDD700 /* Info.plist */,
				258FC3F1253207AE00CDD700 /* MyCellTableViewCell.swift */,
				258FC3F925320A3B00CDD700 /* TableViewController.swift */,
				258FC40425349EC300CDD700 /* File.swift */,
			);
			path = cw9;
			sourceTree = "<group>";
		};
/* End PBXGroup section */

/* Begin PBXNativeTarget section */
		258FC3D7253205CB00CDD700 /* cw9 */ = {
			isa = PBXNativeTarget;
			buildConfigurationList = 258FC3EC253205CD00CDD700 /* Build configuration list for PBXNativeTarget "cw9" */;
			buildPhases = (
				258FC3D4253205CB00CDD700 /* Sources */,
				258FC3D5253205CB00CDD700 /* Frameworks */,
				258FC3D6253205CB00CDD700 /* Resources */,
			);
			buildRules = (
			);
			dependencies = (
			);
			name = cw9;
			productName = cw9;
			productReference = 258FC3D8253205CB00CDD700 /* cw9.app */;
			productType = "com.apple.product-type.application";
		};
/* End PBXNativeTarget section */

/* Begin PBXProject section */
		258FC3D0253205CB00CDD700 /* Project object */ = {
			isa = PBXProject;
			attributes = {
				LastSwiftUpdateCheck = 1200;
				LastUpgradeCheck = 1200;
				TargetAttributes = {
					258FC3D7253205CB00CDD700 = {
						CreatedOnToolsVersion = 12.0.1;
					};
				};
			};
			buildConfigurationList = 258FC3D3253205CB00CDD700 /* Build configuration list for PBXProject "cw9" */;
			compatibilityVersion = "Xcode 9.3";
			developmentRegion = en;
			hasScannedForEncodings = 0;
			knownRegions = (
				en,
				Base,
			);
			mainGroup = 258FC3CF253205CB00CDD700;
			productRefGroup = 258FC3D9253205CB00CDD700 /* Products */;
			projectDirPath = "";
			projectRoot = "";
			targets = (
				258FC3D7253205CB00CDD700 /* cw9 */,
			);
		};
/* End PBXProject section */

/* Begin PBXResourcesBuildPhase section */
		258FC3D6253205CB00CDD700 /* Resources */ = {
			isa = PBXResourcesBuildPhase;
			buildActionMask = 2147483647;
			files = (
				258FC3E8253205CD00CDD700 /* LaunchScreen.storyboard in Resources */,
				258FC3E5253205CD00CDD700 /* Assets.xcassets in Resources */,
				258FC3E3253205CB00CDD700 /* Main.storyboard in Resources */,
			);
			runOnlyForDeploymentPostprocessing = 0;
		};
/* End PBXResourcesBuildPhase section */

/* Begin PBXSourcesBuildPhase section */
		258FC3D4253205CB00CDD700 /* Sources */ = {
			isa = PBXSourcesBuildPhase;
			buildActionMask = 2147483647;
			files = (
				258FC40525349EC300CDD700 /* File.swift in Sources */,
				258FC3F2253207AE00CDD700 /* MyCellTableViewCell.swift in Sources */,
				258FC3DC253205CB00CDD700 /* AppDelegate.swift in Sources */,
				258FC3DE253205CB00CDD700 /* SceneDelegate.swift in Sources */,
				258FC3FA25320A3B00CDD700 /* TableViewController.swift in Sources */,
			);
			runOnlyForDeploymentPostprocessing = 0;
		};
/* End PBXSourcesBuildPhase section */

/* Begin PBXVariantGroup section */
		258FC3E1253205CB00CDD700 /* Main.storyboard */ = {
			isa = PBXVariantGroup;
			children = (
				258FC3E2253205CB00CDD700 /* Base */,
			);
			name = Main.storyboard;
			sourceTree = "<group>";
		};
		258FC3E6253205CD00CDD700 /* LaunchScreen.storyboard */ = {
			isa = PBXVariantGroup;
			children = (
				258FC3E7253205CD00CDD700 /* Base */,
			);
			name = LaunchScreen.storyboard;
			sourceTree = "<group>";
		};
/* End PBXVariantGroup section */

/* Begin XCBuildConfiguration section */
		258FC3EA253205CD00CDD700 /* Debug */ = {
			isa = XCBuildConfiguration;
			buildSettings = {
				ALWAYS_SEARCH_USER_PATHS = NO;
				CLANG_ANALYZER_NONNULL = YES;
				CLANG_ANALYZER_NUMBER_OBJECT_CONVERSION = YES_AGGRESSIVE;
				CLANG_CXX_LANGUAGE_STANDARD = "gnu++14";
				CLANG_CXX_LIBRARY = "libc++";
				CLANG_ENABLE_MODULES = YES;
				CLANG_ENABLE_OBJC_ARC = YES;
				CLANG_ENABLE_OBJC_WEAK = YES;
				CLANG_WARN_BLOCK_CAPTURE_AUTORELEASING = YES;
				CLANG_WARN_BOOL_CONVERSION = YES;
				CLANG_WARN_COMMA = YES;
				CLANG_WARN_CONSTANT_CONVERSION = YES;
				CLANG_WARN_DEPRECATED_OBJC_IMPLEMENTATIONS = YES;
				CLANG_WARN_DIRECT_OBJC_ISA_USAGE = YES_ERROR;
				CLANG_WARN_DOCUMENTATION_COMMENTS = YES;
				CLANG_WARN_EMPTY_BODY = YES;
				CLANG_WARN_ENUM_CONVERSION = YES;
				CLANG_WARN_INFINITE_RECURSION = YES;
				CLANG_WARN_INT_CONVERSION = YES;
				CLANG_WARN_NON_LITERAL_NULL_CONVERSION = YES;
				CLANG_WARN_OBJC_IMPLICIT_RETAIN_SELF = YES;
				CLANG_WARN_OBJC_LITERAL_CONVERSION = YES;
				CLANG_WARN_OBJC_ROOT_CLASS = YES_ERROR;
				CLANG_WARN_QUOTED_INCLUDE_IN_FRAMEWORK_HEADER = YES;
				CLANG_WARN_RANGE_LOOP_ANALYSIS = YES;
				CLANG_WARN_STRICT_PROTOTYPES = YES;
				CLANG_WARN_SUSPICIOUS_MOVE = YES;
				CLANG_WARN_UNGUARDED_AVAILABILITY = YES_AGGRESSIVE;
				CLANG_WARN_UNREACHABLE_CODE = YES;
				CLANG_WARN__DUPLICATE_METHOD_MATCH = YES;
				COPY_PHASE_STRIP = NO;
				DEBUG_INFORMATION_FORMAT = dwarf;
				ENABLE_STRICT_OBJC_MSGSEND = YES;
				ENABLE_TESTABILITY = YES;
				GCC_C_LANGUAGE_STANDARD = gnu11;
				GCC_DYNAMIC_NO_PIC = NO;
				GCC_NO_COMMON_BLOCKS = YES;
				GCC_OPTIMIZATION_LEVEL = 0;
				GCC_PREPROCESSOR_DEFINITIONS = (
					"DEBUG=1",
					"$(inherited)",
				);
				GCC_WARN_64_TO_32_BIT_CONVERSION = YES;
				GCC_WARN_ABOUT_RETURN_TYPE = YES_ERROR;
				GCC_WARN_UNDECLARED_SELECTOR = YES;
				GCC_WARN_UNINITIALIZED_AUTOS = YES_AGGRESSIVE;
				GCC_WARN_UNUSED_FUNCTION = YES;
				GCC_WARN_UNUSED_VARIABLE = YES;
				IPHONEOS_DEPLOYMENT_TARGET = 14.0;
				MTL_ENABLE_DEBUG_INFO = INCLUDE_SOURCE;
				MTL_FAST_MATH = YES;
				ONLY_ACTIVE_ARCH = YES;
				SDKROOT = iphoneos;
				SWIFT_ACTIVE_COMPILATION_CONDITIONS = DEBUG;
				SWIFT_OPTIMIZATION_LEVEL = "-Onone";
			};
			name = Debug;
		};
		258FC3EB253205CD00CDD700 /* Release */ = {
			isa = XCBuildConfiguration;
			buildSettings = {
				ALWAYS_SEARCH_USER_PATHS = NO;
				CLANG_ANALYZER_NONNULL = YES;
				CLANG_ANALYZER_NUMBER_OBJECT_CONVERSION = YES_AGGRESSIVE;
				CLANG_CXX_LANGUAGE_STANDARD = "gnu++14";
				CLANG_CXX_LIBRARY = "libc++";
				CLANG_ENABLE_MODULES = YES;
				CLANG_ENABLE_OBJC_ARC = YES;
				CLANG_ENABLE_OBJC_WEAK = YES;
				CLANG_WARN_BLOCK_CAPTURE_AUTORELEASING = YES;
				CLANG_WARN_BOOL_CONVERSION = YES;
				CLANG_WARN_COMMA = YES;
				CLANG_WARN_CONSTANT_CONVERSION = YES;
				CLANG_WARN_DEPRECATED_OBJC_IMPLEMENTATIONS = YES;
				CLANG_WARN_DIRECT_OBJC_ISA_USAGE = YES_ERROR;
				CLANG_WARN_DOCUMENTATION_COMMENTS = YES;
				CLANG_WARN_EMPTY_BODY = YES;
				CLANG_WARN_ENUM_CONVERSION = YES;
				CLANG_WARN_INFINITE_RECURSION = YES;
				CLANG_WARN_INT_CONVERSION = YES;
				CLANG_WARN_NON_LITERAL_NULL_CONVERSION = YES;
				CLANG_WARN_OBJC_IMPLICIT_RETAIN_SELF = YES;
				CLANG_WARN_OBJC_LITERAL_CONVERSION = YES;
				CLANG_WARN_OBJC_ROOT_CLASS = YES_ERROR;
				CLANG_WARN_QUOTED_INCLUDE_IN_FRAMEWORK_HEADER = YES;
				CLANG_WARN_RANGE_LOOP_ANALYSIS = YES;
				CLANG_WARN_STRICT_PROTOTYPES = YES;
				CLANG_WARN_SUSPICIOUS_MOVE = YES;
				CLANG_WARN_UNGUARDED_AVAILABILITY = YES_AGGRESSIVE;
				CLANG_WARN_UNREACHABLE_CODE = YES;
				CLANG_WARN__DUPLICATE_METHOD_MATCH = YES;
				COPY_PHASE_STRIP = NO;
				DEBUG_INFORMATION_FORMAT = "dwarf-with-dsym";
				ENABLE_NS_ASSERTIONS = NO;
				ENABLE_STRICT_OBJC_MSGSEND = YES;
				GCC_C_LANGUAGE_STANDARD = gnu11;
				GCC_NO_COMMON_BLOCKS = YES;
				GCC_WARN_64_TO_32_BIT_CONVERSION = YES;
				GCC_WARN_ABOUT_RETURN_TYPE = YES_ERROR;
				GCC_WARN_UNDECLARED_SELECTOR = YES;
				GCC_WARN_UNINITIALIZED_AUTOS = YES_AGGRESSIVE;
				GCC_WARN_UNUSED_FUNCTION = YES;
				GCC_WARN_UNUSED_VARIABLE = YES;
				IPHONEOS_DEPLOYMENT_TARGET = 14.0;
				MTL_ENABLE_DEBUG_INFO = NO;
				MTL_FAST_MATH = YES;
				SDKROOT = iphoneos;
				SWIFT_COMPILATION_MODE = wholemodule;
				SWIFT_OPTIMIZATION_LEVEL = "-O";
				VALIDATE_PRODUCT = YES;
			};
			name = Release;
		};
		258FC3ED253205CD00CDD700 /* Debug */ = {
			isa = XCBuildConfiguration;
			buildSettings = {
				ASSETCATALOG_COMPILER_APPICON_NAME = AppIcon;
				ASSETCATALOG_COMPILER_GLOBAL_ACCENT_COLOR_NAME = AccentColor;
				CODE_SIGN_STYLE = Automatic;
				DEVELOPMENT_TEAM = C759N5S8J8;
				INFOPLIST_FILE = cw9/Info.plist;
				IPHONEOS_DEPLOYMENT_TARGET = 13.1;
				LD_RUNPATH_SEARCH_PATHS = (
					"$(inherited)",
					"@executable_path/Frameworks",
				);
				PRODUCT_BUNDLE_IDENTIFIER = com.amal.cw9;
				PRODUCT_NAME = "$(TARGET_NAME)";
				SWIFT_VERSION = 5.0;
				TARGETED_DEVICE_FAMILY = "1,2";
			};
			name = Debug;
		};
		258FC3EE253205CD00CDD700 /* Release */ = {
			isa = XCBuildConfiguration;
			buildSettings = {
				ASSETCATALOG_COMPILER_APPICON_NAME = AppIcon;
				ASSETCATALOG_COMPILER_GLOBAL_ACCENT_COLOR_NAME = AccentColor;
				CODE_SIGN_STYLE = Automatic;
				DEVELOPMENT_TEAM = C759N5S8J8;
				INFOPLIST_FILE = cw9/Info.plist;
				IPHONEOS_DEPLOYMENT_TARGET = 13.1;
				LD_RUNPATH_SEARCH_PATHS = (
					"$(inherited)",
					"@executable_path/Frameworks",
				);
				PRODUCT_BUNDLE_IDENTIFIER = com.amal.cw9;
				PRODUCT_NAME = "$(TARGET_NAME)";
				SWIFT_VERSION = 5.0;
				TARGETED_DEVICE_FAMILY = "1,2";
			};
			name = Release;
		};
/* End XCBuildConfiguration section */

/* Begin XCConfigurationList section */
		258FC3D3253205CB00CDD700 /* Build configuration list for PBXProject "cw9" */ = {
			isa = XCConfigurationList;
			buildConfigurations = (
				258FC3EA253205CD00CDD700 /* Debug */,
				258FC3EB253205CD00CDD700 /* Release */,
			);
			defaultConfigurationIsVisible = 0;
			defaultConfigurationName = Release;
		};
		258FC3EC253205CD00CDD700 /* Build configuration list for PBXNativeTarget "cw9" */ = {
			isa = XCConfigurationList;
			buildConfigurations = (
				258FC3ED253205CD00CDD700 /* Debug */,
				258FC3EE253205CD00CDD700 /* Release */,
			);
			defaultConfigurationIsVisible = 0;
			defaultConfigurationName = Release;
		};
/* End XCConfigurationList section */
	};
	rootObject = 258FC3D0253205CB00CDD700 /* Project object */;
}
